// !$*UTF8*$!
{
	archiveVersion = 1;
	classes = {
	};
	objectVersion = 46;
	objects = {

/* Begin PBXBuildFile section */
		3A547D7E18E24AE300544B6B /* Foundation.framework in Frameworks */ = {isa = PBXBuildFile; fileRef = 3A547D7D18E24AE300544B6B /* Foundation.framework */; };
		3A547D8018E24AE300544B6B /* CoreGraphics.framework in Frameworks */ = {isa = PBXBuildFile; fileRef = 3A547D7F18E24AE300544B6B /* CoreGraphics.framework */; };
		3A547D8218E24AE300544B6B /* UIKit.framework in Frameworks */ = {isa = PBXBuildFile; fileRef = 3A547D8118E24AE300544B6B /* UIKit.framework */; };
		3A547D8818E24AE300544B6B /* InfoPlist.strings in Resources */ = {isa = PBXBuildFile; fileRef = 3A547D8618E24AE300544B6B /* InfoPlist.strings */; };
		3A547D8A18E24AE300544B6B /* main.m in Sources */ = {isa = PBXBuildFile; fileRef = 3A547D8918E24AE300544B6B /* main.m */; };
		3A547D8E18E24AE300544B6B /* CMAppDelegate.m in Sources */ = {isa = PBXBuildFile; fileRef = 3A547D8D18E24AE300544B6B /* CMAppDelegate.m */; };
		3A547D9118E24AE300544B6B /* Main.storyboard in Resources */ = {isa = PBXBuildFile; fileRef = 3A547D8F18E24AE300544B6B /* Main.storyboard */; };
		3A547D9418E24AE300544B6B /* CMViewController.m in Sources */ = {isa = PBXBuildFile; fileRef = 3A547D9318E24AE300544B6B /* CMViewController.m */; };
		3A547D9618E24AE300544B6B /* Images.xcassets in Resources */ = {isa = PBXBuildFile; fileRef = 3A547D9518E24AE300544B6B /* Images.xcassets */; };
		3A547D9D18E24AE300544B6B /* XCTest.framework in Frameworks */ = {isa = PBXBuildFile; fileRef = 3A547D9C18E24AE300544B6B /* XCTest.framework */; };
		3A547D9E18E24AE300544B6B /* Foundation.framework in Frameworks */ = {isa = PBXBuildFile; fileRef = 3A547D7D18E24AE300544B6B /* Foundation.framework */; };
		3A547D9F18E24AE300544B6B /* UIKit.framework in Frameworks */ = {isa = PBXBuildFile; fileRef = 3A547D8118E24AE300544B6B /* UIKit.framework */; };
		3A547DA718E24AE300544B6B /* InfoPlist.strings in Resources */ = {isa = PBXBuildFile; fileRef = 3A547DA518E24AE300544B6B /* InfoPlist.strings */; };
		3A547DA918E24AE300544B6B /* recordPlaySoundTests.m in Sources */ = {isa = PBXBuildFile; fileRef = 3A547DA818E24AE300544B6B /* recordPlaySoundTests.m */; };
/* End PBXBuildFile section */

/* Begin PBXContainerItemProxy section */
		3A547DA018E24AE300544B6B /* PBXContainerItemProxy */ = {
			isa = PBXContainerItemProxy;
			containerPortal = 3A547D7218E24AE300544B6B /* Project object */;
			proxyType = 1;
			remoteGlobalIDString = 3A547D7918E24AE300544B6B;
			remoteInfo = recordPlaySound;
		};
/* End PBXContainerItemProxy section */

/* Begin PBXFileReference section */
		3A547D7A18E24AE300544B6B /* recordPlaySound.app */ = {isa = PBXFileReference; explicitFileType = wrapper.application; includeInIndex = 0; path = recordPlaySound.app; sourceTree = BUILT_PRODUCTS_DIR; };
		3A547D7D18E24AE300544B6B /* Foundation.framework */ = {isa = PBXFileReference; lastKnownFileType = wrapper.framework; name = Foundation.framework; path = System/Library/Frameworks/Foundation.framework; sourceTree = SDKROOT; };
		3A547D7F18E24AE300544B6B /* CoreGraphics.framework */ = {isa = PBXFileReference; lastKnownFileType = wrapper.framework; name = CoreGraphics.framework; path = System/Library/Frameworks/CoreGraphics.framework; sourceTree = SDKROOT; };
		3A547D8118E24AE300544B6B /* UIKit.framework */ = {isa = PBXFileReference; lastKnownFileType = wrapper.framework; name = UIKit.framework; path = System/Library/Frameworks/UIKit.framework; sourceTree = SDKROOT; };
		3A547D8518E24AE300544B6B /* recordPlaySound-Info.plist */ = {isa = PBXFileReference; lastKnownFileType = text.plist.xml; path = "recordPlaySound-Info.plist"; sourceTree = "<group>"; };
		3A547D8718E24AE300544B6B /* en */ = {isa = PBXFileReference; lastKnownFileType = text.plist.strings; name = en; path = en.lproj/InfoPlist.strings; sourceTree = "<group>"; };
		3A547D8918E24AE300544B6B /* main.m */ = {isa = PBXFileReference; lastKnownFileType = sourcecode.c.objc; path = main.m; sourceTree = "<group>"; };
		3A547D8B18E24AE300544B6B /* recordPlaySound-Prefix.pch */ = {isa = PBXFileReference; lastKnownFileType = sourcecode.c.h; path = "recordPlaySound-Prefix.pch"; sourceTree = "<group>"; };
		3A547D8C18E24AE300544B6B /* CMAppDelegate.h */ = {isa = PBXFileReference; lastKnownFileType = sourcecode.c.h; path = CMAppDelegate.h; sourceTree = "<group>"; };
		3A547D8D18E24AE300544B6B /* CMAppDelegate.m */ = {isa = PBXFileReference; lastKnownFileType = sourcecode.c.objc; path = CMAppDelegate.m; sourceTree = "<group>"; };
		3A547D9018E24AE300544B6B /* Base */ = {isa = PBXFileReference; lastKnownFileType = file.storyboard; name = Base; path = Base.lproj/Main.storyboard; sourceTree = "<group>"; };
		3A547D9218E24AE300544B6B /* CMViewController.h */ = {isa = PBXFileReference; lastKnownFileType = sourcecode.c.h; path = CMViewController.h; sourceTree = "<group>"; };
		3A547D9318E24AE300544B6B /* CMViewController.m */ = {isa = PBXFileReference; lastKnownFileType = sourcecode.c.objc; path = CMViewController.m; sourceTree = "<group>"; };
		3A547D9518E24AE300544B6B /* Images.xcassets */ = {isa = PBXFileReference; lastKnownFileType = folder.assetcatalog; path = Images.xcassets; sourceTree = "<group>"; };
		3A547D9B18E24AE300544B6B /* recordPlaySoundTests.xctest */ = {isa = PBXFileReference; explicitFileType = wrapper.cfbundle; includeInIndex = 0; path = recordPlaySoundTests.xctest; sourceTree = BUILT_PRODUCTS_DIR; };
		3A547D9C18E24AE300544B6B /* XCTest.framework */ = {isa = PBXFileReference; lastKnownFileType = wrapper.framework; name = XCTest.framework; path = Library/Frameworks/XCTest.framework; sourceTree = DEVELOPER_DIR; };
		3A547DA418E24AE300544B6B /* recordPlaySoundTests-Info.plist */ = {isa = PBXFileReference; lastKnownFileType = text.plist.xml; path = "recordPlaySoundTests-Info.plist"; sourceTree = "<group>"; };
		3A547DA618E24AE300544B6B /* en */ = {isa = PBXFileReference; lastKnownFileType = text.plist.strings; name = en; path = en.lproj/InfoPlist.strings; sourceTree = "<group>"; };
		3A547DA818E24AE300544B6B /* recordPlaySoundTests.m */ = {isa = PBXFileReference; lastKnownFileType = sourcecode.c.objc; path = recordPlaySoundTests.m; sourceTree = "<group>"; };
/* End PBXFileReference section */

/* Begin PBXFrameworksBuildPhase section */
		3A547D7718E24AE300544B6B /* Frameworks */ = {
			isa = PBXFrameworksBuildPhase;
			buildActionMask = 2147483647;
			files = (
				3A547D8018E24AE300544B6B /* CoreGraphics.framework in Frameworks */,
				3A547D8218E24AE300544B6B /* UIKit.framework in Frameworks */,
				3A547D7E18E24AE300544B6B /* Foundation.framework in Frameworks */,
			);
			runOnlyForDeploymentPostprocessing = 0;
		};
		3A547D9818E24AE300544B6B /* Frameworks */ = {
			isa = PBXFrameworksBuildPhase;
			buildActionMask = 2147483647;
			files = (
				3A547D9D18E24AE300544B6B /* XCTest.framework in Frameworks */,
				3A547D9F18E24AE300544B6B /* UIKit.framework in Frameworks */,
				3A547D9E18E24AE300544B6B /* Foundation.framework in Frameworks */,
			);
			runOnlyForDeploymentPostprocessing = 0;
		};
/* End PBXFrameworksBuildPhase section */

/* Begin PBXGroup section */
		3A547D7118E24AE300544B6B = {
			isa = PBXGroup;
			children = (
				3A547D8318E24AE300544B6B /* recordPlaySound */,
				3A547DA218E24AE300544B6B /* recordPlaySoundTests */,
				3A547D7C18E24AE300544B6B /* Frameworks */,
				3A547D7B18E24AE300544B6B /* Products */,
			);
			sourceTree = "<group>";
		};
		3A547D7B18E24AE300544B6B /* Products */ = {
			isa = PBXGroup;
			children = (
				3A547D7A18E24AE300544B6B /* recordPlaySound.app */,
				3A547D9B18E24AE300544B6B /* recordPlaySoundTests.xctest */,
			);
			name = Products;
			sourceTree = "<group>";
		};
		3A547D7C18E24AE300544B6B /* Frameworks */ = {
			isa = PBXGroup;
			children = (
				3A547D7D18E24AE300544B6B /* Foundation.framework */,
				3A547D7F18E24AE300544B6B /* CoreGraphics.framework */,
				3A547D8118E24AE300544B6B /* UIKit.framework */,
				3A547D9C18E24AE300544B6B /* XCTest.framework */,
			);
			name = Frameworks;
			sourceTree = "<group>";
		};
		3A547D8318E24AE300544B6B /* recordPlaySound */ = {
			isa = PBXGroup;
			children = (
				3A547D8C18E24AE300544B6B /* CMAppDelegate.h */,
				3A547D8D18E24AE300544B6B /* CMAppDelegate.m */,
				3A547D8F18E24AE300544B6B /* Main.storyboard */,
				3A547D9218E24AE300544B6B /* CMViewController.h */,
				3A547D9318E24AE300544B6B /* CMViewController.m */,
				3A547D9518E24AE300544B6B /* Images.xcassets */,
				3A547D8418E24AE300544B6B /* Supporting Files */,
			);
			path = recordPlaySound;
			sourceTree = "<group>";
		};
		3A547D8418E24AE300544B6B /* Supporting Files */ = {
			isa = PBXGroup;
			children = (
				3A547D8518E24AE300544B6B /* recordPlaySound-Info.plist */,
				3A547D8618E24AE300544B6B /* InfoPlist.strings */,
				3A547D8918E24AE300544B6B /* main.m */,
				3A547D8B18E24AE300544B6B /* recordPlaySound-Prefix.pch */,
			);
			name = "Supporting Files";
			sourceTree = "<group>";
		};
		3A547DA218E24AE300544B6B /* recordPlaySoundTests */ = {
			isa = PBXGroup;
			children = (
				3A547DA818E24AE300544B6B /* recordPlaySoundTests.m */,
				3A547DA318E24AE300544B6B /* Supporting Files */,
			);
			path = recordPlaySoundTests;
			sourceTree = "<group>";
		};
		3A547DA318E24AE300544B6B /* Supporting Files */ = {
			isa = PBXGroup;
			children = (
				3A547DA418E24AE300544B6B /* recordPlaySoundTests-Info.plist */,
				3A547DA518E24AE300544B6B /* InfoPlist.strings */,
			);
			name = "Supporting Files";
			sourceTree = "<group>";
		};
/* End PBXGroup section */

/* Begin PBXNativeTarget section */
		3A547D7918E24AE300544B6B /* recordPlaySound */ = {
			isa = PBXNativeTarget;
			buildConfigurationList = 3A547DAC18E24AE300544B6B /* Build configuration list for PBXNativeTarget "recordPlaySound" */;
			buildPhases = (
				3A547D7618E24AE300544B6B /* Sources */,
				3A547D7718E24AE300544B6B /* Frameworks */,
				3A547D7818E24AE300544B6B /* Resources */,
			);
			buildRules = (
			);
			dependencies = (
			);
			name = recordPlaySound;
			productName = recordPlaySound;
			productReference = 3A547D7A18E24AE300544B6B /* recordPlaySound.app */;
			productType = "com.apple.product-type.application";
		};
		3A547D9A18E24AE300544B6B /* recordPlaySoundTests */ = {
			isa = PBXNativeTarget;
			buildConfigurationList = 3A547DAF18E24AE300544B6B /* Build configuration list for PBXNativeTarget "recordPlaySoundTests" */;
			buildPhases = (
				3A547D9718E24AE300544B6B /* Sources */,
				3A547D9818E24AE300544B6B /* Frameworks */,
				3A547D9918E24AE300544B6B /* Resources */,
			);
			buildRules = (
			);
			dependencies = (
				3A547DA118E24AE300544B6B /* PBXTargetDependency */,
			);
			name = recordPlaySoundTests;
			productName = recordPlaySoundTests;
			productReference = 3A547D9B18E24AE300544B6B /* recordPlaySoundTests.xctest */;
			productType = "com.apple.product-type.bundle.unit-test";
		};
/* End PBXNativeTarget section */

/* Begin PBXProject section */
		3A547D7218E24AE300544B6B /* Project object */ = {
			isa = PBXProject;
			attributes = {
				CLASSPREFIX = CM;
				LastUpgradeCheck = 0510;
				ORGANIZATIONNAME = iMagicApps;
				TargetAttributes = {
					3A547D9A18E24AE300544B6B = {
						TestTargetID = 3A547D7918E24AE300544B6B;
					};
				};
			};
			buildConfigurationList = 3A547D7518E24AE300544B6B /* Build configuration list for PBXProject "recordPlaySound" */;
			compatibilityVersion = "Xcode 3.2";
			developmentRegion = English;
			hasScannedForEncodings = 0;
			knownRegions = (
				en,
				Base,
			);
			mainGroup = 3A547D7118E24AE300544B6B;
			productRefGroup = 3A547D7B18E24AE300544B6B /* Products */;
			projectDirPath = "";
			projectRoot = "";
			targets = (
				3A547D7918E24AE300544B6B /* recordPlaySound */,
				3A547D9A18E24AE300544B6B /* recordPlaySoundTests */,
			);
		};
/* End PBXProject section */

/* Begin PBXResourcesBuildPhase section */
		3A547D7818E24AE300544B6B /* Resources */ = {
			isa = PBXResourcesBuildPhase;
			buildActionMask = 2147483647;
			files = (
				3A547D9618E24AE300544B6B /* Images.xcassets in Resources */,
				3A547D8818E24AE300544B6B /* InfoPlist.strings in Resources */,
				3A547D9118E24AE300544B6B /* Main.storyboard in Resources */,
			);
			runOnlyForDeploymentPostprocessing = 0;
		};
		3A547D9918E24AE300544B6B /* Resources */ = {
			isa = PBXResourcesBuildPhase;
			buildActionMask = 2147483647;
			files = (
				3A547DA718E24AE300544B6B /* InfoPlist.strings in Resources */,
			);
			runOnlyForDeploymentPostprocessing = 0;
		};
/* End PBXResourcesBuildPhase section */

/* Begin PBXSourcesBuildPhase section */
		3A547D7618E24AE300544B6B /* Sources */ = {
			isa = PBXSourcesBuildPhase;
			buildActionMask = 2147483647;
			files = (
				3A547D8E18E24AE300544B6B /* CMAppDelegate.m in Sources */,
				3A547D8A18E24AE300544B6B /* main.m in Sources */,
				3A547D9418E24AE300544B6B /* CMViewController.m in Sources */,
			);
			runOnlyForDeploymentPostprocessing = 0;
		};
		3A547D9718E24AE300544B6B /* Sources */ = {
			isa = PBXSourcesBuildPhase;
			buildActionMask = 2147483647;
			files = (
				3A547DA918E24AE300544B6B /* recordPlaySoundTests.m in Sources */,
			);
			runOnlyForDeploymentPostprocessing = 0;
		};
/* End PBXSourcesBuildPhase section */

/* Begin PBXTargetDependency section */
		3A547DA118E24AE300544B6B /* PBXTargetDependency */ = {
			isa = PBXTargetDependency;
			target = 3A547D7918E24AE300544B6B /* recordPlaySound */;
			targetProxy = 3A547DA018E24AE300544B6B /* PBXContainerItemProxy */;
		};
/* End PBXTargetDependency section */

/* Begin PBXVariantGroup section */
		3A547D8618E24AE300544B6B /* InfoPlist.strings */ = {
			isa = PBXVariantGroup;
			children = (
				3A547D8718E24AE300544B6B /* en */,
			);
			name = InfoPlist.strings;
			sourceTree = "<group>";
		};
		3A547D8F18E24AE300544B6B /* Main.storyboard */ = {
			isa = PBXVariantGroup;
			children = (
				3A547D9018E24AE300544B6B /* Base */,
			);
			name = Main.storyboard;
			sourceTree = "<group>";
		};
		3A547DA518E24AE300544B6B /* InfoPlist.strings */ = {
			isa = PBXVariantGroup;
			children = (
				3A547DA618E24AE300544B6B /* en */,
			);
			name = InfoPlist.strings;
			sourceTree = "<group>";
		};
/* End PBXVariantGroup section */

/* Begin XCBuildConfiguration section */
		3A547DAA18E24AE300544B6B /* Debug */ = {
			isa = XCBuildConfiguration;
			buildSettings = {
				ALWAYS_SEARCH_USER_PATHS = NO;
				CLANG_CXX_LANGUAGE_STANDARD = "gnu++0x";
				CLANG_CXX_LIBRARY = "libc++";
				CLANG_ENABLE_MODULES = YES;
				CLANG_ENABLE_OBJC_ARC = YES;
				CLANG_WARN_BOOL_CONVERSION = YES;
				CLANG_WARN_CONSTANT_CONVERSION = YES;
				CLANG_WARN_DIRECT_OBJC_ISA_USAGE = YES_ERROR;
				CLANG_WARN_EMPTY_BODY = YES;
				CLANG_WARN_ENUM_CONVERSION = YES;
				CLANG_WARN_INT_CONVERSION = YES;
				CLANG_WARN_OBJC_ROOT_CLASS = YES_ERROR;
				CLANG_WARN__DUPLICATE_METHOD_MATCH = YES;
				"CODE_SIGN_IDENTITY[sdk=iphoneos*]" = "iPhone Developer";
				COPY_PHASE_STRIP = NO;
				GCC_C_LANGUAGE_STANDARD = gnu99;
				GCC_DYNAMIC_NO_PIC = NO;
				GCC_OPTIMIZATION_LEVEL = 0;
				GCC_PREPROCESSOR_DEFINITIONS = (
					"DEBUG=1",
					"$(inherited)",
				);
				GCC_SYMBOLS_PRIVATE_EXTERN = NO;
				GCC_WARN_64_TO_32_BIT_CONVERSION = YES;
				GCC_WARN_ABOUT_RETURN_TYPE = YES_ERROR;
				GCC_WARN_UNDECLARED_SELECTOR = YES;
				GCC_WARN_UNINITIALIZED_AUTOS = YES_AGGRESSIVE;
				GCC_WARN_UNUSED_FUNCTION = YES;
				GCC_WARN_UNUSED_VARIABLE = YES;
				IPHONEOS_DEPLOYMENT_TARGET = 7.1;
				ONLY_ACTIVE_ARCH = YES;
				SDKROOT = iphoneos;
			};
			name = Debug;
		};
		3A547DAB18E24AE300544B6B /* Release */ = {
			isa = XCBuildConfiguration;
			buildSettings = {
				ALWAYS_SEARCH_USER_PATHS = NO;
				CLANG_CXX_LANGUAGE_STANDARD = "gnu++0x";
				CLANG_CXX_LIBRARY = "libc++";
				CLANG_ENABLE_MODULES = YES;
				CLANG_ENABLE_OBJC_ARC = YES;
				CLANG_WARN_BOOL_CONVERSION = YES;
				CLANG_WARN_CONSTANT_CONVERSION = YES;
				CLANG_WARN_DIRECT_OBJC_ISA_USAGE = YES_ERROR;
				CLANG_WARN_EMPTY_BODY = YES;
				CLANG_WARN_ENUM_CONVERSION = YES;
				CLANG_WARN_INT_CONVERSION = YES;
				CLANG_WARN_OBJC_ROOT_CLASS = YES_ERROR;
				CLANG_WARN__DUPLICATE_METHOD_MATCH = YES;
				"CODE_SIGN_IDENTITY[sdk=iphoneos*]" = "iPhone Developer";
				COPY_PHASE_STRIP = YES;
				ENABLE_NS_ASSERTIONS = NO;
				GCC_C_LANGUAGE_STANDARD = gnu99;
				GCC_WARN_64_TO_32_BIT_CONVERSION = YES;
				GCC_WARN_ABOUT_RETURN_TYPE = YES_ERROR;
				GCC_WARN_UNDECLARED_SELECTOR = YES;
				GCC_WARN_UNINITIALIZED_AUTOS = YES_AGGRESSIVE;
				GCC_WARN_UNUSED_FUNCTION = YES;
				GCC_WARN_UNUSED_VARIABLE = YES;
				IPHONEOS_DEPLOYMENT_TARGET = 7.1;
				SDKROOT = iphoneos;
				VALIDATE_PRODUCT = YES;
			};
			name = Release;
		};
		3A547DAD18E24AE300544B6B /* Debug */ = {
			isa = XCBuildConfiguration;
			buildSettings = {
				ASSETCATALOG_COMPILER_APPICON_NAME = AppIcon;
				ASSETCATALOG_COMPILER_LAUNCHIMAGE_NAME = LaunchImage;
				GCC_PRECOMPILE_PREFIX_HEADER = YES;
				GCC_PREFIX_HEADER = "recordPlaySound/recordPlaySound-Prefix.pch";
				INFOPLIST_FILE = "recordPlaySound/recordPlaySound-Info.plist";
				PRODUCT_NAME = "$(TARGET_NAME)";
				WRAPPER_EXTENSION = app;
			};
			name = Debug;
		};
		3A547DAE18E24AE300544B6B /* Release */ = {
			isa = XCBuildConfiguration;
			buildSettings = {
				ASSETCATALOG_COMPILER_APPICON_NAME = AppIcon;
				ASSETCATALOG_COMPILER_LAUNCHIMAGE_NAME = LaunchImage;
				GCC_PRECOMPILE_PREFIX_HEADER = YES;
				GCC_PREFIX_HEADER = "recordPlaySound/recordPlaySound-Prefix.pch";
				INFOPLIST_FILE = "recordPlaySound/recordPlaySound-Info.plist";
				PRODUCT_NAME = "$(TARGET_NAME)";
				WRAPPER_EXTENSION = app;
			};
			name = Release;
		};
		3A547DB018E24AE300544B6B /* Debug */ = {
			isa = XCBuildConfiguration;
			buildSettings = {
				BUNDLE_LOADER = "$(BUILT_PRODUCTS_DIR)/recordPlaySound.app/recordPlaySound";
				FRAMEWORK_SEARCH_PATHS = (
					"$(SDKROOT)/Developer/Library/Frameworks",
					"$(inherited)",
					"$(DEVELOPER_FRAMEWORKS_DIR)",
				);
				GCC_PRECOMPILE_PREFIX_HEADER = YES;
				GCC_PREFIX_HEADER = "recordPlaySound/recordPlaySound-Prefix.pch";
				GCC_PREPROCESSOR_DEFINITIONS = (
					"DEBUG=1",
					"$(inherited)",
				);
				INFOPLIST_FILE = "recordPlaySoundTests/recordPlaySoundTests-Info.plist";
				PRODUCT_NAME = "$(TARGET_NAME)";
				TEST_HOST = "$(BUNDLE_LOADER)";
				WRAPPER_EXTENSION = xctest;
			};
			name = Debug;
		};
		3A547DB118E24AE300544B6B /* Release */ = {
			isa = XCBuildConfiguration;
			buildSettings = {
				BUNDLE_LOADER = "$(BUILT_PRODUCTS_DIR)/recordPlaySound.app/recordPlaySound";
				FRAMEWORK_SEARCH_PATHS = (
					"$(SDKROOT)/Developer/Library/Frameworks",
					"$(inherited)",
					"$(DEVELOPER_FRAMEWORKS_DIR)",
				);
				GCC_PRECOMPILE_PREFIX_HEADER = YES;
				GCC_PREFIX_HEADER = "recordPlaySound/recordPlaySound-Prefix.pch";
				INFOPLIST_FILE = "recordPlaySoundTests/recordPlaySoundTests-Info.plist";
				PRODUCT_NAME = "$(TARGET_NAME)";
				TEST_HOST = "$(BUNDLE_LOADER)";
				WRAPPER_EXTENSION = xctest;
			};
			name = Release;
		};
/* End XCBuildConfiguration section */

/* Begin XCConfigurationList section */
		3A547D7518E24AE300544B6B /* Build configuration list for PBXProject "recordPlaySound" */ = {
			isa = XCConfigurationList;
			buildConfigurations = (
				3A547DAA18E24AE300544B6B /* Debug */,
				3A547DAB18E24AE300544B6B /* Release */,
			);
			defaultConfigurationIsVisible = 0;
			defaultConfigurationName = Release;
		};
		3A547DAC18E24AE300544B6B /* Build configuration list for PBXNativeTarget "recordPlaySound" */ = {
			isa = XCConfigurationList;
			buildConfigurations = (
				3A547DAD18E24AE300544B6B /* Debug */,
				3A547DAE18E24AE300544B6B /* Release */,
			);
			defaultConfigurationIsVisible = 0;
		};
		3A547DAF18E24AE300544B6B /* Build configuration list for PBXNativeTarget "recordPlaySoundTests" */ = {
			isa = XCConfigurationList;
			buildConfigurations = (
				3A547DB018E24AE300544B6B /* Debug */,
				3A547DB118E24AE300544B6B /* Release */,
			);
			defaultConfigurationIsVisible = 0;
		};
/* End XCConfigurationList section */
	};
	rootObject = 3A547D7218E24AE300544B6B /* Project object */;
}
